github.com/Zzzz010/go-say-hello v1.0.1 h1:YkcAhgCqG8ooKRxOEWqkSnkan8JtBreQNx19rcTBcDw=
github.com/Zzzz010/go-say-hello v1.0.1/go.mod h1:fG3TIQ9Y7ZLQoV7s1MXRKtxcy2Mr+RGaGx59GSvbRdM=
github.com/Zzzz010/go-say-hello v1.5.0 h1:PGPy9e+xcBZXzvGHS7b+y8oVsK7b/aVLeN7FXpezDW0=
github.com/Zzzz010/go-say-hello v1.5.0/go.mod h1:fG3TIQ9Y7ZLQoV7s1MXRKtxcy2Mr+RGaGx59GSvbRdM=
github.com/Zzzz010/go-say-hello/v2 v2.0.0 h1:8w9fgvw+x3je77Uh/rMcJIxZjn6FmF64NrupOAklYns=
github.com/Zzzz010/go-say-hello/v2 v2.0.0/go.mod h1:co/b490hwi4Rsx+CgA2+s3Y/mo9Zr9re9FQP7BzNjlc=
github.com/Zzzz010/go-say-hello/v2 v2.0.1 h1:3SUyPPXxoI0NGwsTUCVWNfDustrLft9sJS37nEkgC1I=
github.com/Zzzz010/go-say-hello/v2 v2.0.1/go.mod h1:co/b490hwi4Rsx+CgA2+s3Y/mo9Zr9re9FQP7BzNjlc=
